
Microsoft Visual Studio Solution File, Format Version 12.00
# Visual Studio Version 16
VisualStudioVersion = 16.0.31205.134
MinimumVisualStudioVersion = 10.0.40219.1
Project("{9A19103F-16F7-4668-BE54-9A1E7A4F7556}") = "FilmesApi", "FilmesApi\FilmesApi.csproj", "{C5BAD384-92D3-4EEF-A1CE-3603CBF45DDF}"
EndProject
Project("{9A19103F-16F7-4668-BE54-9A1E7A4F7556}") = "UsuariosApi", "UsuariosApi\UsuariosApi.csproj", "{60757F98-637C-49AB-BB01-326D856E8767}"
EndProject
Global
	GlobalSection(SolutionConfigurationPlatforms) = preSolution
		Debug|Any CPU = Debug|Any CPU
		Release|Any CPU = Release|Any CPU
	EndGlobalSection
	GlobalSection(ProjectConfigurationPlatforms) = postSolution
		{C5BAD384-92D3-4EEF-A1CE-3603CBF45DDF}.Debug|Any CPU.ActiveCfg = Debug|Any CPU
		{C5BAD384-92D3-4EEF-A1CE-3603CBF45DDF}.Debug|Any CPU.Build.0 = Debug|Any CPU
		{C5BAD384-92D3-4EEF-A1CE-3603CBF45DDF}.Release|Any CPU.ActiveCfg = Release|Any CPU
		{C5BAD384-92D3-4EEF-A1CE-3603CBF45DDF}.Release|Any CPU.Build.0 = Release|Any CPU
		{60757F98-637C-49AB-BB01-326D856E8767}.Debug|Any CPU.ActiveCfg = Debug|Any CPU
		{60757F98-637C-49AB-BB01-326D856E8767}.Debug|Any CPU.Build.0 = Debug|Any CPU
		{60757F98-637C-49AB-BB01-326D856E8767}.Release|Any CPU.ActiveCfg = Release|Any CPU
		{60757F98-637C-49AB-BB01-326D856E8767}.Release|Any CPU.Build.0 = Release|Any CPU
	EndGlobalSection
	GlobalSection(SolutionProperties) = preSolution
		HideSolutionNode = FALSE
	EndGlobalSection
	GlobalSection(ExtensibilityGlobals) = postSolution
		SolutionGuid = {737E4B35-676C-4151-A256-6035D4EAFB43}
	EndGlobalSection
EndGlobal
